
Microsoft Visual Studio Solution File, Format Version 12.00
# Visual Studio 2012
Project("{FAE04EC0-301F-11D3-BF4B-00C04F79EFBC}") = "PGx.KB", "PGx.KB\PGx.KB.csproj", "{1469919A-87E2-4F67-8942-CA24767D4E6A}"
EndProject
Project("{FAE04EC0-301F-11D3-BF4B-00C04F79EFBC}") = "PGx.Model", "PGx.Model\PGx.Model.csproj", "{6C2A4F77-5C67-408D-9A4C-CA2DA6B70AD4}"
EndProject
Project("{FAE04EC0-301F-11D3-BF4B-00C04F79EFBC}") = "System.App.Utility", "System.App.Utility\System.App.Utility.csproj", "{29772442-D82C-4D0A-A80D-231AF5318AC2}"
EndProject
Global
	GlobalSection(SolutionConfigurationPlatforms) = preSolution
		Debug|Any CPU = Debug|Any CPU
		Release|Any CPU = Release|Any CPU
	EndGlobalSection
	GlobalSection(ProjectConfigurationPlatforms) = postSolution
		{1469919A-87E2-4F67-8942-CA24767D4E6A}.Debug|Any CPU.ActiveCfg = Debug|Any CPU
		{1469919A-87E2-4F67-8942-CA24767D4E6A}.Debug|Any CPU.Build.0 = Debug|Any CPU
		{1469919A-87E2-4F67-8942-CA24767D4E6A}.Release|Any CPU.ActiveCfg = Release|Any CPU
		{1469919A-87E2-4F67-8942-CA24767D4E6A}.Release|Any CPU.Build.0 = Release|Any CPU
		{6C2A4F77-5C67-408D-9A4C-CA2DA6B70AD4}.Debug|Any CPU.ActiveCfg = Debug|Any CPU
		{6C2A4F77-5C67-408D-9A4C-CA2DA6B70AD4}.Debug|Any CPU.Build.0 = Debug|Any CPU
		{6C2A4F77-5C67-408D-9A4C-CA2DA6B70AD4}.Release|Any CPU.ActiveCfg = Release|Any CPU
		{6C2A4F77-5C67-408D-9A4C-CA2DA6B70AD4}.Release|Any CPU.Build.0 = Release|Any CPU
		{29772442-D82C-4D0A-A80D-231AF5318AC2}.Debug|Any CPU.ActiveCfg = Debug|Any CPU
		{29772442-D82C-4D0A-A80D-231AF5318AC2}.Debug|Any CPU.Build.0 = Debug|Any CPU
		{29772442-D82C-4D0A-A80D-231AF5318AC2}.Release|Any CPU.ActiveCfg = Release|Any CPU
		{29772442-D82C-4D0A-A80D-231AF5318AC2}.Release|Any CPU.Build.0 = Release|Any CPU
	EndGlobalSection
	GlobalSection(SolutionProperties) = preSolution
		HideSolutionNode = FALSE
	EndGlobalSection
EndGlobal
